// !$*UTF8*$!
{
	archiveVersion = 1;
	classes = {
	};
	objectVersion = 77;
	objects = {

/* Begin PBXBuildFile section */
		032867577A6CBA9980DAB87D /* TipJar.storekit in Resources */ = {isa = PBXBuildFile; fileRef = 681F3FAA2F788B687AAC19BA /* TipJar.storekit */; };
		03E6665EF681AB03B992359C /* B2Credentials.swift in Sources */ = {isa = PBXBuildFile; fileRef = 0735E1FC71B26F46934B015B /* B2Credentials.swift */; };
		0581882C32BBFC7C46992A57 /* RetroCanvas.swift in Sources */ = {isa = PBXBuildFile; fileRef = 5F9C3644B1701B12A0A1E3B7 /* RetroCanvas.swift */; };
		08BE30A1F1BE474DC9189428 /* NearDuplicatesView.swift in Sources */ = {isa = PBXBuildFile; fileRef = 15ADD1B31F649B6D4AE4E55D /* NearDuplicatesView.swift */; };
		0F5EAD71CC35CD42AB910CE8 /* FlappyGame.swift in Sources */ = {isa = PBXBuildFile; fileRef = 42A76C88D6D14F8411611A4C /* FlappyGame.swift */; };
		12470CCFAE5D282CF32C5464 /* ReconciliationTypes.swift in Sources */ = {isa = PBXBuildFile; fileRef = B98A6688AC0797C85950E76D /* ReconciliationTypes.swift */; };
		159BC1A2E47CA71D00C9E839 /* DeletionService.swift in Sources */ = {isa = PBXBuildFile; fileRef = 42278B7E563F76C6F7FC1EE7 /* DeletionService.swift */; };
		1A47A3D39001F5568470598E /* SyncService.swift in Sources */ = {isa = PBXBuildFile; fileRef = 27AB8F0B2941311B2F905CE1 /* SyncService.swift */; };
		214B28761EC48A0769B8DF25 /* BookmarkResolver.swift in Sources */ = {isa = PBXBuildFile; fileRef = 55BFD846559703686D7FA838 /* BookmarkResolver.swift */; };
		222AE84A41CFB89D093B2038 /* SidebarView.swift in Sources */ = {isa = PBXBuildFile; fileRef = 013C39B57D0BACCC51619D46 /* SidebarView.swift */; };
		25F5E20F34DF68599EB45A5E /* SwiftDataContainer.swift in Sources */ = {isa = PBXBuildFile; fileRef = AEC59B854884275F7D860BD8 /* SwiftDataContainer.swift */; };
		27E6FC12E9C96DA903E62582 /* TestFixtures.swift in Sources */ = {isa = PBXBuildFile; fileRef = 2CFB81A5F9B3F78322F61142 /* TestFixtures.swift */; };
		29603BDE743EC9A5EF23D668 /* CatalogBackupService.swift in Sources */ = {isa = PBXBuildFile; fileRef = 36CC2F93A79D33C625E126E4 /* CatalogBackupService.swift */; };
		2AB3DBBB033427F0060FC5E2 /* LumiVaultTests.swift in Sources */ = {isa = PBXBuildFile; fileRef = D4F69A5682C9063F979E533C /* LumiVaultTests.swift */; };
		2F0B68DAB1D1FCF1046D6908 /* EncryptionSettingsView.swift in Sources */ = {isa = PBXBuildFile; fileRef = A4CACCF602F3A573BC7627EE /* EncryptionSettingsView.swift */; };
		377E661A689793390F13D75A /* B2SyncSheet.swift in Sources */ = {isa = PBXBuildFile; fileRef = 0559D966DBB4F64CE222568C /* B2SyncSheet.swift */; };
		3822A367C5727C93EDA2CF9C /* B2Service.swift in Sources */ = {isa = PBXBuildFile; fileRef = 1068629E8FF6AF2C6063CC06 /* B2Service.swift */; };
		3CF3C07E9C178EB6E6961593 /* Catalog.swift in Sources */ = {isa = PBXBuildFile; fileRef = F90BF32093AC2357CD61747D /* Catalog.swift */; };
		3F1CC37E542EA4CF0C617E64 /* LumiVault.help in Resources */ = {isa = PBXBuildFile; fileRef = E1B876E2BEAD4C3EBF5E1688 /* LumiVault.help */; };
		4627A53502C9ADCF7662B490 /* VolumeSyncSheet.swift in Sources */ = {isa = PBXBuildFile; fileRef = A4B64E8F8B0DBDF7B71FF1E6 /* VolumeSyncSheet.swift */; };
		4947D3D9752DCA4CD8200F79 /* SyncCoordinator.swift in Sources */ = {isa = PBXBuildFile; fileRef = E154D6C9BE1D38992E43BA85 /* SyncCoordinator.swift */; };
		49EECE51F6F24EDA028977C2 /* MetalPAR2Service.swift in Sources */ = {isa = PBXBuildFile; fileRef = 1E7AF86B7699D2920ED076EB /* MetalPAR2Service.swift */; };
		501A35F756977D30D428B869 /* PipelinedImportCoordinator.swift in Sources */ = {isa = PBXBuildFile; fileRef = 1DAAFF78DFC668D556C45BE3 /* PipelinedImportCoordinator.swift */; };
		501A9A0B01E7CDE2D560E609 /* PhotosAlbumPicker.swift in Sources */ = {isa = PBXBuildFile; fileRef = CA85E7129726352A8ABA7D14 /* PhotosAlbumPicker.swift */; };
		50D5C5A6BA309A0BCAB0CC64 /* VolumeListView.swift in Sources */ = {isa = PBXBuildFile; fileRef = 0099C37B5592C7B2AACD467B /* VolumeListView.swift */; };
		53B2C5DA24018B4D6611F9AF /* AlbumResyncSheet.swift in Sources */ = {isa = PBXBuildFile; fileRef = 170A85D45BB0A8CB5F310DEC /* AlbumResyncSheet.swift */; };
		55092B1FB5D744B323FDDFCE /* EmptyStateView.swift in Sources */ = {isa = PBXBuildFile; fileRef = A8DDEE614B4A6D6FE85E9906 /* EmptyStateView.swift */; };
		576927D602EDB37C9C821BEF /* GeneralSettingsView.swift in Sources */ = {isa = PBXBuildFile; fileRef = 12F4EAD4EE81E22BA1863819 /* GeneralSettingsView.swift */; };
		582ECC00817146472B6B1B4F /* ThumbnailService.swift in Sources */ = {isa = PBXBuildFile; fileRef = D1C282CA4BBA78763E15C190 /* ThumbnailService.swift */; };
		59544439E11F04EE2898B7E5 /* PhotoDetailView.swift in Sources */ = {isa = PBXBuildFile; fileRef = 32A9013EC3BE7075A355EC39 /* PhotoDetailView.swift */; };
		5AB47F22282371B278D838D5 /* CloudSettingsView.swift in Sources */ = {isa = PBXBuildFile; fileRef = 22F376C53109DC45304A767E /* CloudSettingsView.swift */; };
		669DDC7D1389AB0C47C80F66 /* ImportFromPhotosCommands.swift in Sources */ = {isa = PBXBuildFile; fileRef = 61D15F535FF979828BFF185F /* ImportFromPhotosCommands.swift */; };
		6780E2492025225BB83B874D /* ReconciliationService.swift in Sources */ = {isa = PBXBuildFile; fileRef = 93F0123F93F18FC16E95D05C /* ReconciliationService.swift */; };
		6BE9B8EC4FBAFD4CC89C300A /* PhotosImportSheet.swift in Sources */ = {isa = PBXBuildFile; fileRef = 284BC984EF9D9F34D67DD279 /* PhotosImportSheet.swift */; };
		7606BCE424A01DC36A651519 /* Assets.xcassets in Resources */ = {isa = PBXBuildFile; fileRef = 06D0EEE7A6946D0748E5A6C4 /* Assets.xcassets */; };
		7623A3D396C608719188049B /* AlbumRecord.swift in Sources */ = {isa = PBXBuildFile; fileRef = B389A2EDF5A08E2BE8AF007A /* AlbumRecord.swift */; };
		7C25361151B59326946F5367 /* GamesTests.swift in Sources */ = {isa = PBXBuildFile; fileRef = 93793FFEB071EF35882DC3F8 /* GamesTests.swift */; };
		7FC9F2ECC3BB994D0D697082 /* PhotoGridView.swift in Sources */ = {isa = PBXBuildFile; fileRef = A26A124182F5946F24CB1ADD /* PhotoGridView.swift */; };
		82886ABBCFA8C5A3A14C30CD /* Constants.swift in Sources */ = {isa = PBXBuildFile; fileRef = 012BE699987DA66C89CDC8BD /* Constants.swift */; };
		85F07A3C43271A80A554C146 /* VolumeRecord.swift in Sources */ = {isa = PBXBuildFile; fileRef = 669B957B8485AF442AEB2DA8 /* VolumeRecord.swift */; };
		863485B86E9A23410301996B /* ImportProgressView.swift in Sources */ = {isa = PBXBuildFile; fileRef = C07AF15364718C2056F0DE5F /* ImportProgressView.swift */; };
		89320CFF58AE00D892F6E805 /* ReconciliationView.swift in Sources */ = {isa = PBXBuildFile; fileRef = 4D306B41680CB9765C3B46CC /* ReconciliationView.swift */; };
		8BF3B0F0C701C584B70F424E /* ImportSettingsView.swift in Sources */ = {isa = PBXBuildFile; fileRef = E01DC6510FDA76A175275263 /* ImportSettingsView.swift */; };
		8E278B72DB5073512F515562 /* ImportSheet.swift in Sources */ = {isa = PBXBuildFile; fileRef = 937E65EE6EF8CEA2B9443D20 /* ImportSheet.swift */; };
		901ED8814C1AF339CD3CAC25 /* ContentView.swift in Sources */ = {isa = PBXBuildFile; fileRef = D6E2C8CD562F32019EB774DA /* ContentView.swift */; };
		92A8BF69B17C32CBBA801C36 /* AlbumDeletionSheet.swift in Sources */ = {isa = PBXBuildFile; fileRef = 795EC7A08A0ABF43F828C239 /* AlbumDeletionSheet.swift */; };
		93AB452DC206E0A2C5C02909 /* AlbumExportSheet.swift in Sources */ = {isa = PBXBuildFile; fileRef = C2BF78C573AEB3723FAA6B52 /* AlbumExportSheet.swift */; };
		9BFF5B5CBEC8AF900FA3CBE5 /* SnakeGame.swift in Sources */ = {isa = PBXBuildFile; fileRef = 26C10DEDAFFC8F77C0575005 /* SnakeGame.swift */; };
		A1E3C9C6FEDD55A4C790841A /* ImageConversionService.swift in Sources */ = {isa = PBXBuildFile; fileRef = BFA740881D64DEF9AAD992E7 /* ImageConversionService.swift */; };
		AB0DD7ACC613A9C5169FA268 /* PerceptualHash.swift in Sources */ = {isa = PBXBuildFile; fileRef = 12F99517836AFD89561B41EE /* PerceptualHash.swift */; };
		B10D8A06390125F91AC69B08 /* MetadataInspector.swift in Sources */ = {isa = PBXBuildFile; fileRef = 47A770A92996FA81A51FB1A1 /* MetadataInspector.swift */; };
		B542D45CC0A1415B717E4BFD /* PhotoGridItem.swift in Sources */ = {isa = PBXBuildFile; fileRef = 0BC6CF0468FF8B675E2B60E8 /* PhotoGridItem.swift */; };
		B6087FD659F665B3227E6778 /* PhotosImportService.swift in Sources */ = {isa = PBXBuildFile; fileRef = FC1982FE3C2E560E783753AF /* PhotosImportService.swift */; };
		B74403416D7B5B267D435D02 /* SupportSettingsView.swift in Sources */ = {isa = PBXBuildFile; fileRef = 08151D3FAC4937C0EE5104CC /* SupportSettingsView.swift */; };
		B99329806C565AFC0EF68260 /* VolumesSettingsView.swift in Sources */ = {isa = PBXBuildFile; fileRef = 52BF3E9C2E27A222A01E3E43 /* VolumesSettingsView.swift */; };
		C3CF5E268A47CFFAD589C4DD /* AsyncChannel.swift in Sources */ = {isa = PBXBuildFile; fileRef = D55E512C07356078D3E3D8CD /* AsyncChannel.swift */; };
		C3E2B48BC52875B0CC34CFBD /* HasherService.swift in Sources */ = {isa = PBXBuildFile; fileRef = 3198F0E915EFA392E07CBB6B /* HasherService.swift */; };
		CDFE6E5E0536944B2630D0C1 /* AsyncSemaphore.swift in Sources */ = {isa = PBXBuildFile; fileRef = 7FD4E291C18518482ADDCA6A /* AsyncSemaphore.swift */; };
		D614E72A43BEE42BDCD6896F /* GaloisField16.swift in Sources */ = {isa = PBXBuildFile; fileRef = A705C358860AAE79B6C774A6 /* GaloisField16.swift */; };
		D667D68E0E1F064E5955284C /* RedundancyService.swift in Sources */ = {isa = PBXBuildFile; fileRef = B0933DB339B93FFE9258AEA7 /* RedundancyService.swift */; };
		DCA7881A48055EE6FC8BC7A6 /* ImportTypes.swift in Sources */ = {isa = PBXBuildFile; fileRef = AEDAF6545E18E7FAB1A8EC7A /* ImportTypes.swift */; };
		DF0CB08509FAC67DEB85224F /* PhotosLibraryMonitor.swift in Sources */ = {isa = PBXBuildFile; fileRef = E69F5FC018A6F4282FD4B52D /* PhotosLibraryMonitor.swift */; };
		E5AD622448575773B6865BB8 /* EncryptionService.swift in Sources */ = {isa = PBXBuildFile; fileRef = 2227CE0EBFDA45BA03F75D10 /* EncryptionService.swift */; };
		E7503627D9380F2FA62D1C7C /* IntegritySheet.swift in Sources */ = {isa = PBXBuildFile; fileRef = 78323BB35DE5C1DE3D74C325 /* IntegritySheet.swift */; };
		E9CC0D815365176B7AC4CA64 /* LumiVaultUITests.swift in Sources */ = {isa = PBXBuildFile; fileRef = E7C8416D7A7C9047F26714AD /* LumiVaultUITests.swift */; };
		EDE76EA25C3EC99DAF2962EE /* LumiVaultApp.swift in Sources */ = {isa = PBXBuildFile; fileRef = 679368003A8DA83CBA994560 /* LumiVaultApp.swift */; };
		EFB4150EB614969D580F2E58 /* EXIFData.swift in Sources */ = {isa = PBXBuildFile; fileRef = E6826A2A2F1B0541A700F497 /* EXIFData.swift */; };
		F450618261FF0A965EEC6385 /* GameStepView.swift in Sources */ = {isa = PBXBuildFile; fileRef = 6410C7BD0959F18315BC8076 /* GameStepView.swift */; };
		F9138AD9D6AFD57B9F8F789D /* PipelineItem.swift in Sources */ = {isa = PBXBuildFile; fileRef = 3ACCA96E297825FB7AD6A91E /* PipelineItem.swift */; };
		F92EA583B01D47B947517FEA /* SettingsView.swift in Sources */ = {isa = PBXBuildFile; fileRef = 259FAF0AE3CB8F5152CD2AC6 /* SettingsView.swift */; };
		FB607540471DB65A4F19B74B /* ImageRecord.swift in Sources */ = {isa = PBXBuildFile; fileRef = 1E605ECCBCE62C39786BEF19 /* ImageRecord.swift */; };
		FBF46E3E16E6E1B3E7661FA3 /* CatalogService.swift in Sources */ = {isa = PBXBuildFile; fileRef = D422E392E978E03DC79086BD /* CatalogService.swift */; };
		FC2F73AE4F5F0C4F9FEBBF6A /* B2SettingsView.swift in Sources */ = {isa = PBXBuildFile; fileRef = E68790766AAC0D4983E632CB /* B2SettingsView.swift */; };
		FF73CCC9E5DA42613C13ADF1 /* ImportDefaultsSettingsView.swift in Sources */ = {isa = PBXBuildFile; fileRef = FE52C702FD0948C6E836DC57 /* ImportDefaultsSettingsView.swift */; };
/* End PBXBuildFile section */

/* Begin PBXContainerItemProxy section */
		7EDEE9F54DC4CBB22C019FEC /* PBXContainerItemProxy */ = {
			isa = PBXContainerItemProxy;
			containerPortal = A1D00ACC416926CB387F4800 /* Project object */;
			proxyType = 1;
			remoteGlobalIDString = 07146F055E7DF754A0ECC0B8;
			remoteInfo = LumiVault;
		};
		834F7D35A895986EDCC27BD8 /* PBXContainerItemProxy */ = {
			isa = PBXContainerItemProxy;
			containerPortal = A1D00ACC416926CB387F4800 /* Project object */;
			proxyType = 1;
			remoteGlobalIDString = 07146F055E7DF754A0ECC0B8;
			remoteInfo = LumiVault;
		};
/* End PBXContainerItemProxy section */

/* Begin PBXFileReference section */
		0099C37B5592C7B2AACD467B /* VolumeListView.swift */ = {isa = PBXFileReference; lastKnownFileType = sourcecode.swift; path = VolumeListView.swift; sourceTree = "<group>"; };
		012BE699987DA66C89CDC8BD /* Constants.swift */ = {isa = PBXFileReference; lastKnownFileType = sourcecode.swift; path = Constants.swift; sourceTree = "<group>"; };
		013C39B57D0BACCC51619D46 /* SidebarView.swift */ = {isa = PBXFileReference; lastKnownFileType = sourcecode.swift; path = SidebarView.swift; sourceTree = "<group>"; };
		0559D966DBB4F64CE222568C /* B2SyncSheet.swift */ = {isa = PBXFileReference; lastKnownFileType = sourcecode.swift; path = B2SyncSheet.swift; sourceTree = "<group>"; };
		06D0EEE7A6946D0748E5A6C4 /* Assets.xcassets */ = {isa = PBXFileReference; lastKnownFileType = folder.assetcatalog; path = Assets.xcassets; sourceTree = "<group>"; };
		0735E1FC71B26F46934B015B /* B2Credentials.swift */ = {isa = PBXFileReference; lastKnownFileType = sourcecode.swift; path = B2Credentials.swift; sourceTree = "<group>"; };
		08151D3FAC4937C0EE5104CC /* SupportSettingsView.swift */ = {isa = PBXFileReference; lastKnownFileType = sourcecode.swift; path = SupportSettingsView.swift; sourceTree = "<group>"; };
		0BC6CF0468FF8B675E2B60E8 /* PhotoGridItem.swift */ = {isa = PBXFileReference; lastKnownFileType = sourcecode.swift; path = PhotoGridItem.swift; sourceTree = "<group>"; };
		1068629E8FF6AF2C6063CC06 /* B2Service.swift */ = {isa = PBXFileReference; lastKnownFileType = sourcecode.swift; path = B2Service.swift; sourceTree = "<group>"; };
		12F4EAD4EE81E22BA1863819 /* GeneralSettingsView.swift */ = {isa = PBXFileReference; lastKnownFileType = sourcecode.swift; path = GeneralSettingsView.swift; sourceTree = "<group>"; };
		12F99517836AFD89561B41EE /* PerceptualHash.swift */ = {isa = PBXFileReference; lastKnownFileType = sourcecode.swift; path = PerceptualHash.swift; sourceTree = "<group>"; };
		15ADD1B31F649B6D4AE4E55D /* NearDuplicatesView.swift */ = {isa = PBXFileReference; lastKnownFileType = sourcecode.swift; path = NearDuplicatesView.swift; sourceTree = "<group>"; };
		170A85D45BB0A8CB5F310DEC /* AlbumResyncSheet.swift */ = {isa = PBXFileReference; lastKnownFileType = sourcecode.swift; path = AlbumResyncSheet.swift; sourceTree = "<group>"; };
		1DAAFF78DFC668D556C45BE3 /* PipelinedImportCoordinator.swift */ = {isa = PBXFileReference; lastKnownFileType = sourcecode.swift; path = PipelinedImportCoordinator.swift; sourceTree = "<group>"; };
		1E605ECCBCE62C39786BEF19 /* ImageRecord.swift */ = {isa = PBXFileReference; lastKnownFileType = sourcecode.swift; path = ImageRecord.swift; sourceTree = "<group>"; };
		1E7AF86B7699D2920ED076EB /* MetalPAR2Service.swift */ = {isa = PBXFileReference; lastKnownFileType = sourcecode.swift; path = MetalPAR2Service.swift; sourceTree = "<group>"; };
		2227CE0EBFDA45BA03F75D10 /* EncryptionService.swift */ = {isa = PBXFileReference; lastKnownFileType = sourcecode.swift; path = EncryptionService.swift; sourceTree = "<group>"; };
		22F376C53109DC45304A767E /* CloudSettingsView.swift */ = {isa = PBXFileReference; lastKnownFileType = sourcecode.swift; path = CloudSettingsView.swift; sourceTree = "<group>"; };
		259FAF0AE3CB8F5152CD2AC6 /* SettingsView.swift */ = {isa = PBXFileReference; lastKnownFileType = sourcecode.swift; path = SettingsView.swift; sourceTree = "<group>"; };
		26C10DEDAFFC8F77C0575005 /* SnakeGame.swift */ = {isa = PBXFileReference; lastKnownFileType = sourcecode.swift; path = SnakeGame.swift; sourceTree = "<group>"; };
		27AB8F0B2941311B2F905CE1 /* SyncService.swift */ = {isa = PBXFileReference; lastKnownFileType = sourcecode.swift; path = SyncService.swift; sourceTree = "<group>"; };
		284BC984EF9D9F34D67DD279 /* PhotosImportSheet.swift */ = {isa = PBXFileReference; lastKnownFileType = sourcecode.swift; path = PhotosImportSheet.swift; sourceTree = "<group>"; };
		2CFB81A5F9B3F78322F61142 /* TestFixtures.swift */ = {isa = PBXFileReference; lastKnownFileType = sourcecode.swift; path = TestFixtures.swift; sourceTree = "<group>"; };
		3198F0E915EFA392E07CBB6B /* HasherService.swift */ = {isa = PBXFileReference; lastKnownFileType = sourcecode.swift; path = HasherService.swift; sourceTree = "<group>"; };
		32A9013EC3BE7075A355EC39 /* PhotoDetailView.swift */ = {isa = PBXFileReference; lastKnownFileType = sourcecode.swift; path = PhotoDetailView.swift; sourceTree = "<group>"; };
		36CC2F93A79D33C625E126E4 /* CatalogBackupService.swift */ = {isa = PBXFileReference; lastKnownFileType = sourcecode.swift; path = CatalogBackupService.swift; sourceTree = "<group>"; };
		3ACCA96E297825FB7AD6A91E /* PipelineItem.swift */ = {isa = PBXFileReference; lastKnownFileType = sourcecode.swift; path = PipelineItem.swift; sourceTree = "<group>"; };
		42278B7E563F76C6F7FC1EE7 /* DeletionService.swift */ = {isa = PBXFileReference; lastKnownFileType = sourcecode.swift; path = DeletionService.swift; sourceTree = "<group>"; };
		42A76C88D6D14F8411611A4C /* FlappyGame.swift */ = {isa = PBXFileReference; lastKnownFileType = sourcecode.swift; path = FlappyGame.swift; sourceTree = "<group>"; };
		47A770A92996FA81A51FB1A1 /* MetadataInspector.swift */ = {isa = PBXFileReference; lastKnownFileType = sourcecode.swift; path = MetadataInspector.swift; sourceTree = "<group>"; };
		4D306B41680CB9765C3B46CC /* ReconciliationView.swift */ = {isa = PBXFileReference; lastKnownFileType = sourcecode.swift; path = ReconciliationView.swift; sourceTree = "<group>"; };
		52BF3E9C2E27A222A01E3E43 /* VolumesSettingsView.swift */ = {isa = PBXFileReference; lastKnownFileType = sourcecode.swift; path = VolumesSettingsView.swift; sourceTree = "<group>"; };
		55BFD846559703686D7FA838 /* BookmarkResolver.swift */ = {isa = PBXFileReference; lastKnownFileType = sourcecode.swift; path = BookmarkResolver.swift; sourceTree = "<group>"; };
		5F9C3644B1701B12A0A1E3B7 /* RetroCanvas.swift */ = {isa = PBXFileReference; lastKnownFileType = sourcecode.swift; path = RetroCanvas.swift; sourceTree = "<group>"; };
		61D15F535FF979828BFF185F /* ImportFromPhotosCommands.swift */ = {isa = PBXFileReference; lastKnownFileType = sourcecode.swift; path = ImportFromPhotosCommands.swift; sourceTree = "<group>"; };
		6410C7BD0959F18315BC8076 /* GameStepView.swift */ = {isa = PBXFileReference; lastKnownFileType = sourcecode.swift; path = GameStepView.swift; sourceTree = "<group>"; };
		669B957B8485AF442AEB2DA8 /* VolumeRecord.swift */ = {isa = PBXFileReference; lastKnownFileType = sourcecode.swift; path = VolumeRecord.swift; sourceTree = "<group>"; };
		679368003A8DA83CBA994560 /* LumiVaultApp.swift */ = {isa = PBXFileReference; lastKnownFileType = sourcecode.swift; path = LumiVaultApp.swift; sourceTree = "<group>"; };
		681F3FAA2F788B687AAC19BA /* TipJar.storekit */ = {isa = PBXFileReference; path = TipJar.storekit; sourceTree = "<group>"; };
		6BF68050F56A53C9131FD1E5 /* LumiVault.app */ = {isa = PBXFileReference; explicitFileType = wrapper.application; includeInIndex = 0; path = LumiVault.app; sourceTree = BUILT_PRODUCTS_DIR; };
		78323BB35DE5C1DE3D74C325 /* IntegritySheet.swift */ = {isa = PBXFileReference; lastKnownFileType = sourcecode.swift; path = IntegritySheet.swift; sourceTree = "<group>"; };
		795EC7A08A0ABF43F828C239 /* AlbumDeletionSheet.swift */ = {isa = PBXFileReference; lastKnownFileType = sourcecode.swift; path = AlbumDeletionSheet.swift; sourceTree = "<group>"; };
		7FD4E291C18518482ADDCA6A /* AsyncSemaphore.swift */ = {isa = PBXFileReference; lastKnownFileType = sourcecode.swift; path = AsyncSemaphore.swift; sourceTree = "<group>"; };
		93793FFEB071EF35882DC3F8 /* GamesTests.swift */ = {isa = PBXFileReference; lastKnownFileType = sourcecode.swift; path = GamesTests.swift; sourceTree = "<group>"; };
		937E65EE6EF8CEA2B9443D20 /* ImportSheet.swift */ = {isa = PBXFileReference; lastKnownFileType = sourcecode.swift; path = ImportSheet.swift; sourceTree = "<group>"; };
		93F0123F93F18FC16E95D05C /* ReconciliationService.swift */ = {isa = PBXFileReference; lastKnownFileType = sourcecode.swift; path = ReconciliationService.swift; sourceTree = "<group>"; };
		A26A124182F5946F24CB1ADD /* PhotoGridView.swift */ = {isa = PBXFileReference; lastKnownFileType = sourcecode.swift; path = PhotoGridView.swift; sourceTree = "<group>"; };
		A4B64E8F8B0DBDF7B71FF1E6 /* VolumeSyncSheet.swift */ = {isa = PBXFileReference; lastKnownFileType = sourcecode.swift; path = VolumeSyncSheet.swift; sourceTree = "<group>"; };
		A4CACCF602F3A573BC7627EE /* EncryptionSettingsView.swift */ = {isa = PBXFileReference; lastKnownFileType = sourcecode.swift; path = EncryptionSettingsView.swift; sourceTree = "<group>"; };
		A705C358860AAE79B6C774A6 /* GaloisField16.swift */ = {isa = PBXFileReference; lastKnownFileType = sourcecode.swift; path = GaloisField16.swift; sourceTree = "<group>"; };
		A8DDEE614B4A6D6FE85E9906 /* EmptyStateView.swift */ = {isa = PBXFileReference; lastKnownFileType = sourcecode.swift; path = EmptyStateView.swift; sourceTree = "<group>"; };
		AE3332C0A7A1C08678599C4D /* LumiVaultTests.xctest */ = {isa = PBXFileReference; explicitFileType = wrapper.cfbundle; includeInIndex = 0; path = LumiVaultTests.xctest; sourceTree = BUILT_PRODUCTS_DIR; };
		AEC59B854884275F7D860BD8 /* SwiftDataContainer.swift */ = {isa = PBXFileReference; lastKnownFileType = sourcecode.swift; path = SwiftDataContainer.swift; sourceTree = "<group>"; };
		AEDAF6545E18E7FAB1A8EC7A /* ImportTypes.swift */ = {isa = PBXFileReference; lastKnownFileType = sourcecode.swift; path = ImportTypes.swift; sourceTree = "<group>"; };
		B0933DB339B93FFE9258AEA7 /* RedundancyService.swift */ = {isa = PBXFileReference; lastKnownFileType = sourcecode.swift; path = RedundancyService.swift; sourceTree = "<group>"; };
		B389A2EDF5A08E2BE8AF007A /* AlbumRecord.swift */ = {isa = PBXFileReference; lastKnownFileType = sourcecode.swift; path = AlbumRecord.swift; sourceTree = "<group>"; };
		B98A6688AC0797C85950E76D /* ReconciliationTypes.swift */ = {isa = PBXFileReference; lastKnownFileType = sourcecode.swift; path = ReconciliationTypes.swift; sourceTree = "<group>"; };
		BFA740881D64DEF9AAD992E7 /* ImageConversionService.swift */ = {isa = PBXFileReference; lastKnownFileType = sourcecode.swift; path = ImageConversionService.swift; sourceTree = "<group>"; };
		C07AF15364718C2056F0DE5F /* ImportProgressView.swift */ = {isa = PBXFileReference; lastKnownFileType = sourcecode.swift; path = ImportProgressView.swift; sourceTree = "<group>"; };
		C2BF78C573AEB3723FAA6B52 /* AlbumExportSheet.swift */ = {isa = PBXFileReference; lastKnownFileType = sourcecode.swift; path = AlbumExportSheet.swift; sourceTree = "<group>"; };
		CA85E7129726352A8ABA7D14 /* PhotosAlbumPicker.swift */ = {isa = PBXFileReference; lastKnownFileType = sourcecode.swift; path = PhotosAlbumPicker.swift; sourceTree = "<group>"; };
		D1C282CA4BBA78763E15C190 /* ThumbnailService.swift */ = {isa = PBXFileReference; lastKnownFileType = sourcecode.swift; path = ThumbnailService.swift; sourceTree = "<group>"; };
		D422E392E978E03DC79086BD /* CatalogService.swift */ = {isa = PBXFileReference; lastKnownFileType = sourcecode.swift; path = CatalogService.swift; sourceTree = "<group>"; };
		D4F69A5682C9063F979E533C /* LumiVaultTests.swift */ = {isa = PBXFileReference; lastKnownFileType = sourcecode.swift; path = LumiVaultTests.swift; sourceTree = "<group>"; };
		D55E512C07356078D3E3D8CD /* AsyncChannel.swift */ = {isa = PBXFileReference; lastKnownFileType = sourcecode.swift; path = AsyncChannel.swift; sourceTree = "<group>"; };
		D6E2C8CD562F32019EB774DA /* ContentView.swift */ = {isa = PBXFileReference; lastKnownFileType = sourcecode.swift; path = ContentView.swift; sourceTree = "<group>"; };
		E01DC6510FDA76A175275263 /* ImportSettingsView.swift */ = {isa = PBXFileReference; lastKnownFileType = sourcecode.swift; path = ImportSettingsView.swift; sourceTree = "<group>"; };
		E154D6C9BE1D38992E43BA85 /* SyncCoordinator.swift */ = {isa = PBXFileReference; lastKnownFileType = sourcecode.swift; path = SyncCoordinator.swift; sourceTree = "<group>"; };
		E1B876E2BEAD4C3EBF5E1688 /* LumiVault.help */ = {isa = PBXFileReference; lastKnownFileType = folder; name = LumiVault.help; path = LumiVault/Resources/LumiVault.help; sourceTree = SOURCE_ROOT; };
		E6826A2A2F1B0541A700F497 /* EXIFData.swift */ = {isa = PBXFileReference; lastKnownFileType = sourcecode.swift; path = EXIFData.swift; sourceTree = "<group>"; };
		E68790766AAC0D4983E632CB /* B2SettingsView.swift */ = {isa = PBXFileReference; lastKnownFileType = sourcecode.swift; path = B2SettingsView.swift; sourceTree = "<group>"; };
		E69F5FC018A6F4282FD4B52D /* PhotosLibraryMonitor.swift */ = {isa = PBXFileReference; lastKnownFileType = sourcecode.swift; path = PhotosLibraryMonitor.swift; sourceTree = "<group>"; };
		E7C8416D7A7C9047F26714AD /* LumiVaultUITests.swift */ = {isa = PBXFileReference; lastKnownFileType = sourcecode.swift; path = LumiVaultUITests.swift; sourceTree = "<group>"; };
		F90BF32093AC2357CD61747D /* Catalog.swift */ = {isa = PBXFileReference; lastKnownFileType = sourcecode.swift; path = Catalog.swift; sourceTree = "<group>"; };
		FC1982FE3C2E560E783753AF /* PhotosImportService.swift */ = {isa = PBXFileReference; lastKnownFileType = sourcecode.swift; path = PhotosImportService.swift; sourceTree = "<group>"; };
		FE52C702FD0948C6E836DC57 /* ImportDefaultsSettingsView.swift */ = {isa = PBXFileReference; lastKnownFileType = sourcecode.swift; path = ImportDefaultsSettingsView.swift; sourceTree = "<group>"; };
		FF20273A891C70DFFF3CEE91 /* LumiVaultUITests.xctest */ = {isa = PBXFileReference; explicitFileType = wrapper.cfbundle; includeInIndex = 0; path = LumiVaultUITests.xctest; sourceTree = BUILT_PRODUCTS_DIR; };
/* End PBXFileReference section */

/* Begin PBXGroup section */
		0BEAEA9ECFD529E27C147CB0 /* UITests */ = {
			isa = PBXGroup;
			children = (
				E7C8416D7A7C9047F26714AD /* LumiVaultUITests.swift */,
			);
			path = UITests;
			sourceTree = "<group>";
		};
		1C4BEFC9492DE641DAB358A3 /* Models */ = {
			isa = PBXGroup;
			children = (
				B389A2EDF5A08E2BE8AF007A /* AlbumRecord.swift */,
				0735E1FC71B26F46934B015B /* B2Credentials.swift */,
				F90BF32093AC2357CD61747D /* Catalog.swift */,
				E6826A2A2F1B0541A700F497 /* EXIFData.swift */,
				1E605ECCBCE62C39786BEF19 /* ImageRecord.swift */,
				AEDAF6545E18E7FAB1A8EC7A /* ImportTypes.swift */,
				B98A6688AC0797C85950E76D /* ReconciliationTypes.swift */,
				669B957B8485AF442AEB2DA8 /* VolumeRecord.swift */,
			);
			path = Models;
			sourceTree = "<group>";
		};
		1EFB9BFFE5FA8CD979987BB8 /* LumiVault */ = {
			isa = PBXGroup;
			children = (
				A4E4DBA8C9ECAB64CDD4D215 /* App */,
				1C4BEFC9492DE641DAB358A3 /* Models */,
				D0F67E9D9C056774BF167850 /* Resources */,
				B5BC4F02D492B075C1B056A5 /* Services */,
				E26B1C6711DF4539D761040A /* Utilities */,
				48BDA5E0694F69CAF7914E89 /* Views */,
			);
			path = LumiVault;
			sourceTree = "<group>";
		};
		2D8742F3C4221D205FA4E1C8 /* Persistence */ = {
			isa = PBXGroup;
			children = (
				AEC59B854884275F7D860BD8 /* SwiftDataContainer.swift */,
			);
			path = Persistence;
			sourceTree = "<group>";
		};
		3F5471C495B4F243024C6A49 /* Games */ = {
			isa = PBXGroup;
			children = (
				42A76C88D6D14F8411611A4C /* FlappyGame.swift */,
				6410C7BD0959F18315BC8076 /* GameStepView.swift */,
				5F9C3644B1701B12A0A1E3B7 /* RetroCanvas.swift */,
				26C10DEDAFFC8F77C0575005 /* SnakeGame.swift */,
			);
			path = Games;
			sourceTree = "<group>";
		};
		442AFB9918635A58C59BBD27 /* Shared */ = {
			isa = PBXGroup;
			children = (
				A8DDEE614B4A6D6FE85E9906 /* EmptyStateView.swift */,
			);
			path = Shared;
			sourceTree = "<group>";
		};
		48BDA5E0694F69CAF7914E89 /* Views */ = {
			isa = PBXGroup;
			children = (
				E71FC22F276C3DB4FBD295AC /* Detail */,
				3F5471C495B4F243024C6A49 /* Games */,
				92530C42F62CC2D48F71BD74 /* Grid */,
				CE8101270137002F63473D8A /* Import */,
				D2299B2C90B2EB42736D33CA /* PhotosImport */,
				E3AC84C829FC08937E99B62F /* Settings */,
				442AFB9918635A58C59BBD27 /* Shared */,
				5C4F3DDAB4D5C4DD422F4D8B /* Sidebar */,
				15ADD1B31F649B6D4AE4E55D /* NearDuplicatesView.swift */,
			);
			path = Views;
			sourceTree = "<group>";
		};
		5C4F3DDAB4D5C4DD422F4D8B /* Sidebar */ = {
			isa = PBXGroup;
			children = (
				795EC7A08A0ABF43F828C239 /* AlbumDeletionSheet.swift */,
				C2BF78C573AEB3723FAA6B52 /* AlbumExportSheet.swift */,
				170A85D45BB0A8CB5F310DEC /* AlbumResyncSheet.swift */,
				013C39B57D0BACCC51619D46 /* SidebarView.swift */,
				0099C37B5592C7B2AACD467B /* VolumeListView.swift */,
			);
			path = Sidebar;
			sourceTree = "<group>";
		};
		92530C42F62CC2D48F71BD74 /* Grid */ = {
			isa = PBXGroup;
			children = (
				0BC6CF0468FF8B675E2B60E8 /* PhotoGridItem.swift */,
				A26A124182F5946F24CB1ADD /* PhotoGridView.swift */,
			);
			path = Grid;
			sourceTree = "<group>";
		};
		9C3D24AB41A21A14162BA2AA /* Tests */ = {
			isa = PBXGroup;
			children = (
				93793FFEB071EF35882DC3F8 /* GamesTests.swift */,
				D4F69A5682C9063F979E533C /* LumiVaultTests.swift */,
				2CFB81A5F9B3F78322F61142 /* TestFixtures.swift */,
			);
			path = Tests;
			sourceTree = "<group>";
		};
		A4E4DBA8C9ECAB64CDD4D215 /* App */ = {
			isa = PBXGroup;
			children = (
				D6E2C8CD562F32019EB774DA /* ContentView.swift */,
				61D15F535FF979828BFF185F /* ImportFromPhotosCommands.swift */,
				679368003A8DA83CBA994560 /* LumiVaultApp.swift */,
				E154D6C9BE1D38992E43BA85 /* SyncCoordinator.swift */,
			);
			path = App;
			sourceTree = "<group>";
		};
		A5F7B78A41AECBB657CEC08D /* Products */ = {
			isa = PBXGroup;
			children = (
				6BF68050F56A53C9131FD1E5 /* LumiVault.app */,
				AE3332C0A7A1C08678599C4D /* LumiVaultTests.xctest */,
				FF20273A891C70DFFF3CEE91 /* LumiVaultUITests.xctest */,
			);
			name = Products;
			sourceTree = "<group>";
		};
		B5BC4F02D492B075C1B056A5 /* Services */ = {
			isa = PBXGroup;
			children = (
				2D8742F3C4221D205FA4E1C8 /* Persistence */,
				1068629E8FF6AF2C6063CC06 /* B2Service.swift */,
				36CC2F93A79D33C625E126E4 /* CatalogBackupService.swift */,
				D422E392E978E03DC79086BD /* CatalogService.swift */,
				42278B7E563F76C6F7FC1EE7 /* DeletionService.swift */,
				2227CE0EBFDA45BA03F75D10 /* EncryptionService.swift */,
				3198F0E915EFA392E07CBB6B /* HasherService.swift */,
				BFA740881D64DEF9AAD992E7 /* ImageConversionService.swift */,
				1E7AF86B7699D2920ED076EB /* MetalPAR2Service.swift */,
				FC1982FE3C2E560E783753AF /* PhotosImportService.swift */,
				E69F5FC018A6F4282FD4B52D /* PhotosLibraryMonitor.swift */,
				1DAAFF78DFC668D556C45BE3 /* PipelinedImportCoordinator.swift */,
				3ACCA96E297825FB7AD6A91E /* PipelineItem.swift */,
				93F0123F93F18FC16E95D05C /* ReconciliationService.swift */,
				B0933DB339B93FFE9258AEA7 /* RedundancyService.swift */,
				27AB8F0B2941311B2F905CE1 /* SyncService.swift */,
				D1C282CA4BBA78763E15C190 /* ThumbnailService.swift */,
			);
			path = Services;
			sourceTree = "<group>";
		};
		C1E2DB57E021F1E65DFEE75B = {
			isa = PBXGroup;
			children = (
				1EFB9BFFE5FA8CD979987BB8 /* LumiVault */,
				9C3D24AB41A21A14162BA2AA /* Tests */,
				0BEAEA9ECFD529E27C147CB0 /* UITests */,
				A5F7B78A41AECBB657CEC08D /* Products */,
			);
			sourceTree = "<group>";
		};
		CE8101270137002F63473D8A /* Import */ = {
			isa = PBXGroup;
			children = (
				C07AF15364718C2056F0DE5F /* ImportProgressView.swift */,
				937E65EE6EF8CEA2B9443D20 /* ImportSheet.swift */,
			);
			path = Import;
			sourceTree = "<group>";
		};
		D0F67E9D9C056774BF167850 /* Resources */ = {
			isa = PBXGroup;
			children = (
				06D0EEE7A6946D0748E5A6C4 /* Assets.xcassets */,
				E1B876E2BEAD4C3EBF5E1688 /* LumiVault.help */,
				681F3FAA2F788B687AAC19BA /* TipJar.storekit */,
			);
			path = Resources;
			sourceTree = "<group>";
		};
		D2299B2C90B2EB42736D33CA /* PhotosImport */ = {
			isa = PBXGroup;
			children = (
				E01DC6510FDA76A175275263 /* ImportSettingsView.swift */,
				CA85E7129726352A8ABA7D14 /* PhotosAlbumPicker.swift */,
				284BC984EF9D9F34D67DD279 /* PhotosImportSheet.swift */,
			);
			path = PhotosImport;
			sourceTree = "<group>";
		};
		E26B1C6711DF4539D761040A /* Utilities */ = {
			isa = PBXGroup;
			children = (
				D55E512C07356078D3E3D8CD /* AsyncChannel.swift */,
				7FD4E291C18518482ADDCA6A /* AsyncSemaphore.swift */,
				55BFD846559703686D7FA838 /* BookmarkResolver.swift */,
				012BE699987DA66C89CDC8BD /* Constants.swift */,
				A705C358860AAE79B6C774A6 /* GaloisField16.swift */,
				12F99517836AFD89561B41EE /* PerceptualHash.swift */,
			);
			path = Utilities;
			sourceTree = "<group>";
		};
		E3AC84C829FC08937E99B62F /* Settings */ = {
			isa = PBXGroup;
			children = (
				E68790766AAC0D4983E632CB /* B2SettingsView.swift */,
				0559D966DBB4F64CE222568C /* B2SyncSheet.swift */,
				22F376C53109DC45304A767E /* CloudSettingsView.swift */,
				A4CACCF602F3A573BC7627EE /* EncryptionSettingsView.swift */,
				12F4EAD4EE81E22BA1863819 /* GeneralSettingsView.swift */,
				FE52C702FD0948C6E836DC57 /* ImportDefaultsSettingsView.swift */,
				78323BB35DE5C1DE3D74C325 /* IntegritySheet.swift */,
				4D306B41680CB9765C3B46CC /* ReconciliationView.swift */,
				259FAF0AE3CB8F5152CD2AC6 /* SettingsView.swift */,
				08151D3FAC4937C0EE5104CC /* SupportSettingsView.swift */,
				52BF3E9C2E27A222A01E3E43 /* VolumesSettingsView.swift */,
				A4B64E8F8B0DBDF7B71FF1E6 /* VolumeSyncSheet.swift */,
			);
			path = Settings;
			sourceTree = "<group>";
		};
		E71FC22F276C3DB4FBD295AC /* Detail */ = {
			isa = PBXGroup;
			children = (
				47A770A92996FA81A51FB1A1 /* MetadataInspector.swift */,
				32A9013EC3BE7075A355EC39 /* PhotoDetailView.swift */,
			);
			path = Detail;
			sourceTree = "<group>";
		};
/* End PBXGroup section */

/* Begin PBXNativeTarget section */
		07146F055E7DF754A0ECC0B8 /* LumiVault */ = {
			isa = PBXNativeTarget;
			buildConfigurationList = 4D97B0CF65A8B87DDBDBDDCF /* Build configuration list for PBXNativeTarget "LumiVault" */;
			buildPhases = (
				1679A7E0400C67ECB7908DBA /* Sources */,
				626A7B603A72A7DE2BAAEBF4 /* Resources */,
			);
			buildRules = (
			);
			dependencies = (
			);
			name = LumiVault;
			packageProductDependencies = (
			);
			productName = LumiVault;
			productReference = 6BF68050F56A53C9131FD1E5 /* LumiVault.app */;
			productType = "com.apple.product-type.application";
		};
		CAD37B1258D10629A2C0E1F8 /* LumiVaultUITests */ = {
			isa = PBXNativeTarget;
			buildConfigurationList = 5DCC172EA2998849E1692FFF /* Build configuration list for PBXNativeTarget "LumiVaultUITests" */;
			buildPhases = (
				202D54D888A2D17BC100278C /* Sources */,
			);
			buildRules = (
			);
			dependencies = (
				49BA63C7FC7B58C54DFCAA10 /* PBXTargetDependency */,
			);
			name = LumiVaultUITests;
			packageProductDependencies = (
			);
			productName = LumiVaultUITests;
			productReference = FF20273A891C70DFFF3CEE91 /* LumiVaultUITests.xctest */;
			productType = "com.apple.product-type.bundle.ui-testing";
		};
		DE648D0D491593329C7742F9 /* LumiVaultTests */ = {
			isa = PBXNativeTarget;
			buildConfigurationList = E2D13A573BAFD030F9F45F8B /* Build configuration list for PBXNativeTarget "LumiVaultTests" */;
			buildPhases = (
				62176B6F645FD1F06968075D /* Sources */,
			);
			buildRules = (
			);
			dependencies = (
				74AAA9732FB6D393CAF0337E /* PBXTargetDependency */,
			);
			name = LumiVaultTests;
			packageProductDependencies = (
			);
			productName = LumiVaultTests;
			productReference = AE3332C0A7A1C08678599C4D /* LumiVaultTests.xctest */;
			productType = "com.apple.product-type.bundle.unit-test";
		};
/* End PBXNativeTarget section */

/* Begin PBXProject section */
		A1D00ACC416926CB387F4800 /* Project object */ = {
			isa = PBXProject;
			attributes = {
				BuildIndependentTargetsInParallel = YES;
				LastUpgradeCheck = 2600;
				TargetAttributes = {
					07146F055E7DF754A0ECC0B8 = {
						DevelopmentTeam = 6AS496S47T;
						ProvisioningStyle = Automatic;
					};
					CAD37B1258D10629A2C0E1F8 = {
						TestTargetID = 07146F055E7DF754A0ECC0B8;
					};
				};
			};
			buildConfigurationList = AF4F6A96E5659A82E8987131 /* Build configuration list for PBXProject "LumiVault" */;
			developmentRegion = en;
			hasScannedForEncodings = 0;
			knownRegions = (
				Base,
				en,
			);
			mainGroup = C1E2DB57E021F1E65DFEE75B;
			minimizedProjectReferenceProxies = 1;
			preferredProjectObjectVersion = 77;
			productRefGroup = A5F7B78A41AECBB657CEC08D /* Products */;
			projectDirPath = "";
			projectRoot = "";
			targets = (
				07146F055E7DF754A0ECC0B8 /* LumiVault */,
				DE648D0D491593329C7742F9 /* LumiVaultTests */,
				CAD37B1258D10629A2C0E1F8 /* LumiVaultUITests */,
			);
		};
/* End PBXProject section */

/* Begin PBXResourcesBuildPhase section */
		626A7B603A72A7DE2BAAEBF4 /* Resources */ = {
			isa = PBXResourcesBuildPhase;
			buildActionMask = 2147483647;
			files = (
				7606BCE424A01DC36A651519 /* Assets.xcassets in Resources */,
				3F1CC37E542EA4CF0C617E64 /* LumiVault.help in Resources */,
				032867577A6CBA9980DAB87D /* TipJar.storekit in Resources */,
			);
			runOnlyForDeploymentPostprocessing = 0;
		};
/* End PBXResourcesBuildPhase section */

/* Begin PBXSourcesBuildPhase section */
		1679A7E0400C67ECB7908DBA /* Sources */ = {
			isa = PBXSourcesBuildPhase;
			buildActionMask = 2147483647;
			files = (
				92A8BF69B17C32CBBA801C36 /* AlbumDeletionSheet.swift in Sources */,
				93AB452DC206E0A2C5C02909 /* AlbumExportSheet.swift in Sources */,
				7623A3D396C608719188049B /* AlbumRecord.swift in Sources */,
				53B2C5DA24018B4D6611F9AF /* AlbumResyncSheet.swift in Sources */,
				C3CF5E268A47CFFAD589C4DD /* AsyncChannel.swift in Sources */,
				CDFE6E5E0536944B2630D0C1 /* AsyncSemaphore.swift in Sources */,
				03E6665EF681AB03B992359C /* B2Credentials.swift in Sources */,
				3822A367C5727C93EDA2CF9C /* B2Service.swift in Sources */,
				FC2F73AE4F5F0C4F9FEBBF6A /* B2SettingsView.swift in Sources */,
				377E661A689793390F13D75A /* B2SyncSheet.swift in Sources */,
				214B28761EC48A0769B8DF25 /* BookmarkResolver.swift in Sources */,
				3CF3C07E9C178EB6E6961593 /* Catalog.swift in Sources */,
				29603BDE743EC9A5EF23D668 /* CatalogBackupService.swift in Sources */,
				FBF46E3E16E6E1B3E7661FA3 /* CatalogService.swift in Sources */,
				5AB47F22282371B278D838D5 /* CloudSettingsView.swift in Sources */,
				82886ABBCFA8C5A3A14C30CD /* Constants.swift in Sources */,
				901ED8814C1AF339CD3CAC25 /* ContentView.swift in Sources */,
				159BC1A2E47CA71D00C9E839 /* DeletionService.swift in Sources */,
				EFB4150EB614969D580F2E58 /* EXIFData.swift in Sources */,
				55092B1FB5D744B323FDDFCE /* EmptyStateView.swift in Sources */,
				E5AD622448575773B6865BB8 /* EncryptionService.swift in Sources */,
				2F0B68DAB1D1FCF1046D6908 /* EncryptionSettingsView.swift in Sources */,
				0F5EAD71CC35CD42AB910CE8 /* FlappyGame.swift in Sources */,
				D614E72A43BEE42BDCD6896F /* GaloisField16.swift in Sources */,
				F450618261FF0A965EEC6385 /* GameStepView.swift in Sources */,
				576927D602EDB37C9C821BEF /* GeneralSettingsView.swift in Sources */,
				C3E2B48BC52875B0CC34CFBD /* HasherService.swift in Sources */,
				A1E3C9C6FEDD55A4C790841A /* ImageConversionService.swift in Sources */,
				FB607540471DB65A4F19B74B /* ImageRecord.swift in Sources */,
				FF73CCC9E5DA42613C13ADF1 /* ImportDefaultsSettingsView.swift in Sources */,
				669DDC7D1389AB0C47C80F66 /* ImportFromPhotosCommands.swift in Sources */,
				863485B86E9A23410301996B /* ImportProgressView.swift in Sources */,
				8BF3B0F0C701C584B70F424E /* ImportSettingsView.swift in Sources */,
				8E278B72DB5073512F515562 /* ImportSheet.swift in Sources */,
				DCA7881A48055EE6FC8BC7A6 /* ImportTypes.swift in Sources */,
				E7503627D9380F2FA62D1C7C /* IntegritySheet.swift in Sources */,
				EDE76EA25C3EC99DAF2962EE /* LumiVaultApp.swift in Sources */,
				B10D8A06390125F91AC69B08 /* MetadataInspector.swift in Sources */,
				49EECE51F6F24EDA028977C2 /* MetalPAR2Service.swift in Sources */,
				08BE30A1F1BE474DC9189428 /* NearDuplicatesView.swift in Sources */,
				AB0DD7ACC613A9C5169FA268 /* PerceptualHash.swift in Sources */,
				59544439E11F04EE2898B7E5 /* PhotoDetailView.swift in Sources */,
				B542D45CC0A1415B717E4BFD /* PhotoGridItem.swift in Sources */,
				7FC9F2ECC3BB994D0D697082 /* PhotoGridView.swift in Sources */,
				501A9A0B01E7CDE2D560E609 /* PhotosAlbumPicker.swift in Sources */,
				B6087FD659F665B3227E6778 /* PhotosImportService.swift in Sources */,
				6BE9B8EC4FBAFD4CC89C300A /* PhotosImportSheet.swift in Sources */,
				DF0CB08509FAC67DEB85224F /* PhotosLibraryMonitor.swift in Sources */,
				F9138AD9D6AFD57B9F8F789D /* PipelineItem.swift in Sources */,
				501A35F756977D30D428B869 /* PipelinedImportCoordinator.swift in Sources */,
				6780E2492025225BB83B874D /* ReconciliationService.swift in Sources */,
				12470CCFAE5D282CF32C5464 /* ReconciliationTypes.swift in Sources */,
				89320CFF58AE00D892F6E805 /* ReconciliationView.swift in Sources */,
				D667D68E0E1F064E5955284C /* RedundancyService.swift in Sources */,
				0581882C32BBFC7C46992A57 /* RetroCanvas.swift in Sources */,
				F92EA583B01D47B947517FEA /* SettingsView.swift in Sources */,
				222AE84A41CFB89D093B2038 /* SidebarView.swift in Sources */,
				9BFF5B5CBEC8AF900FA3CBE5 /* SnakeGame.swift in Sources */,
				B74403416D7B5B267D435D02 /* SupportSettingsView.swift in Sources */,
				25F5E20F34DF68599EB45A5E /* SwiftDataContainer.swift in Sources */,
				4947D3D9752DCA4CD8200F79 /* SyncCoordinator.swift in Sources */,
				1A47A3D39001F5568470598E /* SyncService.swift in Sources */,
				582ECC00817146472B6B1B4F /* ThumbnailService.swift in Sources */,
				50D5C5A6BA309A0BCAB0CC64 /* VolumeListView.swift in Sources */,
				85F07A3C43271A80A554C146 /* VolumeRecord.swift in Sources */,
				4627A53502C9ADCF7662B490 /* VolumeSyncSheet.swift in Sources */,
				B99329806C565AFC0EF68260 /* VolumesSettingsView.swift in Sources */,
			);
			runOnlyForDeploymentPostprocessing = 0;
		};
		202D54D888A2D17BC100278C /* Sources */ = {
			isa = PBXSourcesBuildPhase;
			buildActionMask = 2147483647;
			files = (
				E9CC0D815365176B7AC4CA64 /* LumiVaultUITests.swift in Sources */,
			);
			runOnlyForDeploymentPostprocessing = 0;
		};
		62176B6F645FD1F06968075D /* Sources */ = {
			isa = PBXSourcesBuildPhase;
			buildActionMask = 2147483647;
			files = (
				7C25361151B59326946F5367 /* GamesTests.swift in Sources */,
				2AB3DBBB033427F0060FC5E2 /* LumiVaultTests.swift in Sources */,
				27E6FC12E9C96DA903E62582 /* TestFixtures.swift in Sources */,
			);
			runOnlyForDeploymentPostprocessing = 0;
		};
/* End PBXSourcesBuildPhase section */

/* Begin PBXTargetDependency section */
		49BA63C7FC7B58C54DFCAA10 /* PBXTargetDependency */ = {
			isa = PBXTargetDependency;
			target = 07146F055E7DF754A0ECC0B8 /* LumiVault */;
			targetProxy = 834F7D35A895986EDCC27BD8 /* PBXContainerItemProxy */;
		};
		74AAA9732FB6D393CAF0337E /* PBXTargetDependency */ = {
			isa = PBXTargetDependency;
			target = 07146F055E7DF754A0ECC0B8 /* LumiVault */;
			targetProxy = 7EDEE9F54DC4CBB22C019FEC /* PBXContainerItemProxy */;
		};
/* End PBXTargetDependency section */

/* Begin XCBuildConfiguration section */
		1A5E877B1FDBDB40EDFB2ADB /* Release */ = {
			isa = XCBuildConfiguration;
			buildSettings = {
				ASSETCATALOG_COMPILER_APPICON_NAME = AppIcon;
				ASSETCATALOG_COMPILER_GLOBAL_ACCENT_COLOR_NAME = AccentColor;
				CODE_SIGN_ENTITLEMENTS = LumiVault/LumiVault.entitlements;
				CODE_SIGN_STYLE = Automatic;
				COMBINE_HIDPI_IMAGES = YES;
				DEVELOPMENT_TEAM = 6AS496S47T;
				ENABLE_PREVIEWS = YES;
				ICLOUD_CONTAINER_ENVIRONMENT = Production;
				INFOPLIST_FILE = LumiVault/Info.plist;
				LD_RUNPATH_SEARCH_PATHS = (
					"$(inherited)",
					"@executable_path/../Frameworks",
				);
				PRODUCT_BUNDLE_IDENTIFIER = app.lumivault;
				SDKROOT = macosx;
				SWIFT_OPTIMIZATION_LEVEL = "-O";
			};
			name = Release;
		};
		460E1E19B65B4DF8AC5149D5 /* Debug */ = {
			isa = XCBuildConfiguration;
			buildSettings = {
				ASSETCATALOG_COMPILER_APPICON_NAME = AppIcon;
				ASSETCATALOG_COMPILER_GLOBAL_ACCENT_COLOR_NAME = AccentColor;
				CODE_SIGN_ENTITLEMENTS = LumiVault/LumiVault.Debug.entitlements;
				CODE_SIGN_STYLE = Automatic;
				COMBINE_HIDPI_IMAGES = YES;
				DEVELOPMENT_TEAM = 6AS496S47T;
				ENABLE_PREVIEWS = YES;
				ICLOUD_CONTAINER_ENVIRONMENT = Production;
				INFOPLIST_FILE = LumiVault/Info.plist;
				LD_RUNPATH_SEARCH_PATHS = (
					"$(inherited)",
					"@executable_path/../Frameworks",
				);
				PRODUCT_BUNDLE_IDENTIFIER = app.lumivault;
				SDKROOT = macosx;
				SWIFT_ACTIVE_COMPILATION_CONDITIONS = DEBUG;
				SWIFT_OPTIMIZATION_LEVEL = "-Onone";
			};
			name = Debug;
		};
		5E47041C09D5B85C13DC3C62 /* Release */ = {
			isa = XCBuildConfiguration;
			buildSettings = {
				ALWAYS_SEARCH_USER_PATHS = NO;
				ARCHS = arm64;
				CLANG_ANALYZER_NONNULL = YES;
				CLANG_ANALYZER_NUMBER_OBJECT_CONVERSION = YES_AGGRESSIVE;
				CLANG_CXX_LANGUAGE_STANDARD = "gnu++14";
				CLANG_CXX_LIBRARY = "libc++";
				CLANG_ENABLE_MODULES = YES;
				CLANG_ENABLE_OBJC_ARC = YES;
				CLANG_ENABLE_OBJC_WEAK = YES;
				CLANG_WARN_BLOCK_CAPTURE_AUTORELEASING = YES;
				CLANG_WARN_BOOL_CONVERSION = YES;
				CLANG_WARN_COMMA = YES;
				CLANG_WARN_CONSTANT_CONVERSION = YES;
				CLANG_WARN_DEPRECATED_OBJC_IMPLEMENTATIONS = YES;
				CLANG_WARN_DIRECT_OBJC_ISA_USAGE = YES_ERROR;
				CLANG_WARN_DOCUMENTATION_COMMENTS = YES;
				CLANG_WARN_EMPTY_BODY = YES;
				CLANG_WARN_ENUM_CONVERSION = YES;
				CLANG_WARN_INFINITE_RECURSION = YES;
				CLANG_WARN_INT_CONVERSION = YES;
				CLANG_WARN_NON_LITERAL_NULL_CONVERSION = YES;
				CLANG_WARN_OBJC_IMPLICIT_RETAIN_SELF = YES;
				CLANG_WARN_OBJC_LITERAL_CONVERSION = YES;
				CLANG_WARN_OBJC_ROOT_CLASS = YES_ERROR;
				CLANG_WARN_QUOTED_INCLUDE_IN_FRAMEWORK_HEADER = YES;
				CLANG_WARN_RANGE_LOOP_ANALYSIS = YES;
				CLANG_WARN_STRICT_PROTOTYPES = YES;
				CLANG_WARN_SUSPICIOUS_MOVE = YES;
				CLANG_WARN_UNGUARDED_AVAILABILITY = YES_AGGRESSIVE;
				CLANG_WARN_UNREACHABLE_CODE = YES;
				CLANG_WARN__DUPLICATE_METHOD_MATCH = YES;
				COPY_PHASE_STRIP = NO;
				CURRENT_PROJECT_VERSION = 1;
				DEBUG_INFORMATION_FORMAT = "dwarf-with-dsym";
				ENABLE_NS_ASSERTIONS = NO;
				ENABLE_STRICT_OBJC_MSGSEND = YES;
				GCC_C_LANGUAGE_STANDARD = gnu11;
				GCC_NO_COMMON_BLOCKS = YES;
				GCC_WARN_64_TO_32_BIT_CONVERSION = YES;
				GCC_WARN_ABOUT_RETURN_TYPE = YES_ERROR;
				GCC_WARN_UNDECLARED_SELECTOR = YES;
				GCC_WARN_UNINITIALIZED_AUTOS = YES_AGGRESSIVE;
				GCC_WARN_UNUSED_FUNCTION = YES;
				GCC_WARN_UNUSED_VARIABLE = YES;
				GENERATE_INFOPLIST_FILE = YES;
				MACOSX_DEPLOYMENT_TARGET = 26.0;
				MARKETING_VERSION = 1.0.0;
				MTL_ENABLE_DEBUG_INFO = NO;
				MTL_FAST_MATH = YES;
				PRODUCT_NAME = LumiVault;
				SDKROOT = macosx;
				SWIFT_COMPILATION_MODE = wholemodule;
				SWIFT_DEFAULT_ISOLATION = MainActor;
				SWIFT_OPTIMIZATION_LEVEL = "-O";
				SWIFT_STRICT_CONCURRENCY = complete;
				SWIFT_TREAT_WARNINGS_AS_ERRORS = YES;
				SWIFT_VERSION = 6.2;
				VALID_ARCHS = arm64;
			};
			name = Release;
		};
		929580A2821C4C0BAEA2AD5C /* Debug */ = {
			isa = XCBuildConfiguration;
			buildSettings = {
				ALWAYS_SEARCH_USER_PATHS = NO;
				ARCHS = arm64;
				CLANG_ANALYZER_NONNULL = YES;
				CLANG_ANALYZER_NUMBER_OBJECT_CONVERSION = YES_AGGRESSIVE;
				CLANG_CXX_LANGUAGE_STANDARD = "gnu++14";
				CLANG_CXX_LIBRARY = "libc++";
				CLANG_ENABLE_MODULES = YES;
				CLANG_ENABLE_OBJC_ARC = YES;
				CLANG_ENABLE_OBJC_WEAK = YES;
				CLANG_WARN_BLOCK_CAPTURE_AUTORELEASING = YES;
				CLANG_WARN_BOOL_CONVERSION = YES;
				CLANG_WARN_COMMA = YES;
				CLANG_WARN_CONSTANT_CONVERSION = YES;
				CLANG_WARN_DEPRECATED_OBJC_IMPLEMENTATIONS = YES;
				CLANG_WARN_DIRECT_OBJC_ISA_USAGE = YES_ERROR;
				CLANG_WARN_DOCUMENTATION_COMMENTS = YES;
				CLANG_WARN_EMPTY_BODY = YES;
				CLANG_WARN_ENUM_CONVERSION = YES;
				CLANG_WARN_INFINITE_RECURSION = YES;
				CLANG_WARN_INT_CONVERSION = YES;
				CLANG_WARN_NON_LITERAL_NULL_CONVERSION = YES;
				CLANG_WARN_OBJC_IMPLICIT_RETAIN_SELF = YES;
				CLANG_WARN_OBJC_LITERAL_CONVERSION = YES;
				CLANG_WARN_OBJC_ROOT_CLASS = YES_ERROR;
				CLANG_WARN_QUOTED_INCLUDE_IN_FRAMEWORK_HEADER = YES;
				CLANG_WARN_RANGE_LOOP_ANALYSIS = YES;
				CLANG_WARN_STRICT_PROTOTYPES = YES;
				CLANG_WARN_SUSPICIOUS_MOVE = YES;
				CLANG_WARN_UNGUARDED_AVAILABILITY = YES_AGGRESSIVE;
				CLANG_WARN_UNREACHABLE_CODE = YES;
				CLANG_WARN__DUPLICATE_METHOD_MATCH = YES;
				COPY_PHASE_STRIP = NO;
				CURRENT_PROJECT_VERSION = 1;
				DEBUG_INFORMATION_FORMAT = dwarf;
				ENABLE_STRICT_OBJC_MSGSEND = YES;
				ENABLE_TESTABILITY = YES;
				GCC_C_LANGUAGE_STANDARD = gnu11;
				GCC_DYNAMIC_NO_PIC = NO;
				GCC_NO_COMMON_BLOCKS = YES;
				GCC_OPTIMIZATION_LEVEL = 0;
				GCC_PREPROCESSOR_DEFINITIONS = (
					"$(inherited)",
					"DEBUG=1",
				);
				GCC_WARN_64_TO_32_BIT_CONVERSION = YES;
				GCC_WARN_ABOUT_RETURN_TYPE = YES_ERROR;
				GCC_WARN_UNDECLARED_SELECTOR = YES;
				GCC_WARN_UNINITIALIZED_AUTOS = YES_AGGRESSIVE;
				GCC_WARN_UNUSED_FUNCTION = YES;
				GCC_WARN_UNUSED_VARIABLE = YES;
				GENERATE_INFOPLIST_FILE = YES;
				MACOSX_DEPLOYMENT_TARGET = 26.0;
				MARKETING_VERSION = 1.0.0;
				MTL_ENABLE_DEBUG_INFO = INCLUDE_SOURCE;
				MTL_FAST_MATH = YES;
				ONLY_ACTIVE_ARCH = YES;
				PRODUCT_NAME = LumiVault;
				SDKROOT = macosx;
				SWIFT_ACTIVE_COMPILATION_CONDITIONS = DEBUG;
				SWIFT_DEFAULT_ISOLATION = MainActor;
				SWIFT_OPTIMIZATION_LEVEL = "-Onone";
				SWIFT_STRICT_CONCURRENCY = complete;
				SWIFT_TREAT_WARNINGS_AS_ERRORS = YES;
				SWIFT_VERSION = 6.2;
				VALID_ARCHS = arm64;
			};
			name = Debug;
		};
		A159A4F9B99ABB3B485DF8CA /* Debug */ = {
			isa = XCBuildConfiguration;
			buildSettings = {
				BUNDLE_LOADER = "$(TEST_HOST)";
				COMBINE_HIDPI_IMAGES = YES;
				LD_RUNPATH_SEARCH_PATHS = (
					"$(inherited)",
					"@executable_path/Frameworks",
					"@loader_path/Frameworks",
				);
				PRODUCT_BUNDLE_IDENTIFIER = app.lumivault.LumiVaultUITests;
				PRODUCT_MODULE_NAME = LumiVaultUITests;
				PRODUCT_NAME = LumiVaultUITests;
				SDKROOT = macosx;
				TEST_TARGET_NAME = LumiVault;
			};
			name = Debug;
		};
		AD1715EAB2CF6879C1B22A10 /* Release */ = {
			isa = XCBuildConfiguration;
			buildSettings = {
				BUNDLE_LOADER = "$(TEST_HOST)";
				COMBINE_HIDPI_IMAGES = YES;
				LD_RUNPATH_SEARCH_PATHS = (
					"$(inherited)",
					"@executable_path/../Frameworks",
					"@loader_path/../Frameworks",
				);
				PRODUCT_BUNDLE_IDENTIFIER = app.lumivault.LumiVaultTests;
				PRODUCT_MODULE_NAME = LumiVaultTests;
				PRODUCT_NAME = LumiVaultTests;
				SDKROOT = macosx;
				TEST_HOST = "$(BUILT_PRODUCTS_DIR)/LumiVault.app/Contents/MacOS/LumiVault";
			};
			name = Release;
		};
		C1F5AC2F0B2A22084274EA35 /* Debug */ = {
			isa = XCBuildConfiguration;
			buildSettings = {
				BUNDLE_LOADER = "$(TEST_HOST)";
				COMBINE_HIDPI_IMAGES = YES;
				LD_RUNPATH_SEARCH_PATHS = (
					"$(inherited)",
					"@executable_path/../Frameworks",
					"@loader_path/../Frameworks",
				);
				PRODUCT_BUNDLE_IDENTIFIER = app.lumivault.LumiVaultTests;
				PRODUCT_MODULE_NAME = LumiVaultTests;
				PRODUCT_NAME = LumiVaultTests;
				SDKROOT = macosx;
				TEST_HOST = "$(BUILT_PRODUCTS_DIR)/LumiVault.app/Contents/MacOS/LumiVault";
			};
			name = Debug;
		};
		D3E3E99784B52C2B08F0E089 /* Release */ = {
			isa = XCBuildConfiguration;
			buildSettings = {
				BUNDLE_LOADER = "$(TEST_HOST)";
				COMBINE_HIDPI_IMAGES = YES;
				LD_RUNPATH_SEARCH_PATHS = (
					"$(inherited)",
					"@executable_path/Frameworks",
					"@loader_path/Frameworks",
				);
				PRODUCT_BUNDLE_IDENTIFIER = app.lumivault.LumiVaultUITests;
				PRODUCT_MODULE_NAME = LumiVaultUITests;
				PRODUCT_NAME = LumiVaultUITests;
				SDKROOT = macosx;
				TEST_TARGET_NAME = LumiVault;
			};
			name = Release;
		};
/* End XCBuildConfiguration section */

/* Begin XCConfigurationList section */
		4D97B0CF65A8B87DDBDBDDCF /* Build configuration list for PBXNativeTarget "LumiVault" */ = {
			isa = XCConfigurationList;
			buildConfigurations = (
				460E1E19B65B4DF8AC5149D5 /* Debug */,
				1A5E877B1FDBDB40EDFB2ADB /* Release */,
			);
			defaultConfigurationIsVisible = 0;
			defaultConfigurationName = Debug;
		};
		5DCC172EA2998849E1692FFF /* Build configuration list for PBXNativeTarget "LumiVaultUITests" */ = {
			isa = XCConfigurationList;
			buildConfigurations = (
				A159A4F9B99ABB3B485DF8CA /* Debug */,
				D3E3E99784B52C2B08F0E089 /* Release */,
			);
			defaultConfigurationIsVisible = 0;
			defaultConfigurationName = Debug;
		};
		AF4F6A96E5659A82E8987131 /* Build configuration list for PBXProject "LumiVault" */ = {
			isa = XCConfigurationList;
			buildConfigurations = (
				929580A2821C4C0BAEA2AD5C /* Debug */,
				5E47041C09D5B85C13DC3C62 /* Release */,
			);
			defaultConfigurationIsVisible = 0;
			defaultConfigurationName = Debug;
		};
		E2D13A573BAFD030F9F45F8B /* Build configuration list for PBXNativeTarget "LumiVaultTests" */ = {
			isa = XCConfigurationList;
			buildConfigurations = (
				C1F5AC2F0B2A22084274EA35 /* Debug */,
				AD1715EAB2CF6879C1B22A10 /* Release */,
			);
			defaultConfigurationIsVisible = 0;
			defaultConfigurationName = Debug;
		};
/* End XCConfigurationList section */
	};
	rootObject = A1D00ACC416926CB387F4800 /* Project object */;
}
